
Microsoft Visual Studio Solution File, Format Version 12.00
# Visual Studio 15
VisualStudioVersion = 15.0.27428.2037
MinimumVisualStudioVersion = 10.0.40219.1
Project("{FAE04EC0-301F-11D3-BF4B-00C04F79EFBC}") = "MVC_9_ViewToController", "MVC_9_ViewToController\MVC_9_ViewToController.csproj", "{0A824E10-99C5-47C8-BA60-4BA10E1DE60E}"
EndProject
Global
	GlobalSection(SolutionConfigurationPlatforms) = preSolution
		Debug|Any CPU = Debug|Any CPU
		Release|Any CPU = Release|Any CPU
	EndGlobalSection
	GlobalSection(ProjectConfigurationPlatforms) = postSolution
		{0A824E10-99C5-47C8-BA60-4BA10E1DE60E}.Debug|Any CPU.ActiveCfg = Debug|Any CPU
		{0A824E10-99C5-47C8-BA60-4BA10E1DE60E}.Debug|Any CPU.Build.0 = Debug|Any CPU
		{0A824E10-99C5-47C8-BA60-4BA10E1DE60E}.Release|Any CPU.ActiveCfg = Release|Any CPU
		{0A824E10-99C5-47C8-BA60-4BA10E1DE60E}.Release|Any CPU.Build.0 = Release|Any CPU
	EndGlobalSection
	GlobalSection(SolutionProperties) = preSolution
		HideSolutionNode = FALSE
	EndGlobalSection
	GlobalSection(ExtensibilityGlobals) = postSolution
		SolutionGuid = {892E8112-2F4E-4B81-8AED-A5FEF4B3032C}
	EndGlobalSection
EndGlobal
